{
  "originHash" : "0ed1a20ef167ff6bbd7e233d8316ce8089f144b9619fb921d55eb1b69ffdfd4c",
  "pins" : [
    {
      "identity" : "rive-ios",
      "kind" : "remoteSourceControl",
      "location" : "https://github.com/rive-app/rive-ios",
      "state" : {
        "revision" : "f6ddbd9b5c59ddd3322c7aedcbce5d30ed19929f",
        "version" : "6.7.5"
      }
    }
  ],
  "version" : 3
}
